{
  "requires": true,
  "lockfileVersion": 1,
  "dependencies": {
    "d3-array": {
      "version": "2.12.0",
      "resolved": "https://registry.npmjs.org/d3-array/-/d3-array-2.12.0.tgz",
      "integrity": "sha512-T6H/qNldyD/1OlRkJbonb3u3MPhNwju8OPxYv0YSjDb/B2RUeeBEHzIpNrYiinwpmz8+am+puMrpcrDWgY9wRg==",
      "requires": {
        "internmap": "^1.0.0"
      }
    },
    "d3-geo": {
      "version": "2.0.1",
      "resolved": "https://registry.npmjs.org/d3-geo/-/d3-geo-2.0.1.tgz",
      "integrity": "sha512-M6yzGbFRfxzNrVhxDJXzJqSLQ90q1cCyb3EWFZ1LF4eWOBYxFypw7I/NFVBNXKNqxv1bqLathhYvdJ6DC+th3A==",
      "requires": {
        "d3-array": ">=2.5"
      }
    },
    "internmap": {
      "version": "1.0.1",
      "resolved": "https://registry.npmjs.org/internmap/-/internmap-1.0.1.tgz",
      "integrity": "sha512-lDB5YccMydFBtasVtxnZ3MRBHuaoE8GKsppq+EchKL2U4nK/DmEpPHNH8MZe5HkMtpSiTSOZwfN0tzYjO/lJEw=="
    }
  }
}
